Microsoft Visual Studio Solution File, Format Version 12.00
# Visual Studio Version 17
VisualStudioVersion = 17.6.33815.320
MinimumVisualStudioVersion = 10.0.40219.1
Project("{2150E333-8FDC-42A3-9474-1A3956D46DE8}") = "src", "src", "{C5C9C28F-A935-47B2-A7F6-7904E268D9F3}"
EndProject
Project("{2150E333-8FDC-42A3-9474-1A3956D46DE8}") = "01-DesignPatterns", "01-DesignPatterns", "{AE21F3A1-6E6F-4027-AB62-CE4D5B688A3F}"
EndProject
Project("{2150E333-8FDC-42A3-9474-1A3956D46DE8}") = "02-ArchitecturalPatterns", "02-ArchitecturalPatterns", "{9EDB37D2-44B3-4EAF-8A09-4CC403A53D91}"
EndProject
Project("{2150E333-8FDC-42A3-9474-1A3956D46DE8}") = "Shared", "Shared", "{7E742AA5-7E75-43DB-8CEB-A119F4AF2678}"
EndProject
Project("{9A19103F-16F7-4668-BE54-9A1E7A4F7556}") = "Strategy", "src\\01-DesignPatterns\\Strategy\\Strategy.csproj", "{5E0E38F5-8125-403C-8C77-C0B184A534ED}"
EndProject
Project("{9A19103F-16F7-4668-BE54-9A1E7A4F7556}") = "Factory", "src\\01-DesignPatterns\\Factory\\Factory.csproj", "{A716A3B4-044D-45BE-8710-265E9899EF43}"
EndProject
Project("{9A19103F-16F7-4668-BE54-9A1E7A4F7556}") = "Observer", "src\\01-DesignPatterns\\Observer\\Observer.csproj", "{33949CC9-D320-459A-82FC-F8978C6570D3}"
EndProject
Project("{9A19103F-16F7-4668-BE54-9A1E7A4F7556}") = "DependencyInjection", "src\\01-DesignPatterns\\DependencyInjection\\DependencyInjection.csproj", "{D4197EE1-3B35-4630-B65E-312662727703}"
EndProject
Project("{2150E333-8FDC-42A3-9474-1A3956D46DE8}") = "Solution Items", "Solution Items", "{BD9ADB89-BB68-48A0-AF12-84297F3C3432}"
ProjectSection(SolutionItems) = preProject
Readme.md = Readme.md
EndProjectSection
EndProject
Global
GlobalSection(SolutionConfigurationPlatforms) = preSolution
Debug|Any CPU = Debug|Any CPU
Release|Any CPU = Release|Any CPU
EndGlobalSection
GlobalSection(ProjectConfigurationPlatforms) = postSolution
{5E0E38F5-8125-403C-8C77-C0B184A534ED}.Debug|Any CPU.ActiveCfg = Debug|Any CPU
{5E0E38F5-8125-403C-8C77-C0B184A534ED}.Debug|Any CPU.Build.0 = Debug|Any CPU
{5E0E38F5-8125-403C-8C77-C0B184A534ED}.Release|Any CPU.ActiveCfg = Release|Any CPU
{5E0E38F5-8125-403C-8C77-C0B184A534ED}.Release|Any CPU.Build.0 = Release|Any CPU
{A716A3B4-044D-45BE-8710-265E9899EF43}.Debug|Any CPU.ActiveCfg = Debug|Any CPU
{A716A3B4-044D-45BE-8710-265E9899EF43}.Debug|Any CPU.Build.0 = Debug|Any CPU
{A716A3B4-044D-45BE-8710-265E9899EF43}.Release|Any CPU.ActiveCfg = Release|Any CPU
{A716A3B4-044D-45BE-8710-265E9899EF43}.Release|Any CPU.Build.0 = Release|Any CPU
{33949CC9-D320-459A-82FC-F8978C6570D3}.Debug|Any CPU.ActiveCfg = Debug|Any CPU
{33949CC9-D320-459A-82FC-F8978C6570D3}.Debug|Any CPU.Build.0 = Debug|Any CPU
{33949CC9-D320-459A-82FC-F8978C6570D3}.Release|Any CPU.ActiveCfg = Release|Any CPU
{33949CC9-D320-459A-82FC-F8978C6570D3}.Release|Any CPU.Build.0 = Release|Any CPU
{D4197EE1-3B35-4630-B65E-312662727703}.Debug|Any CPU.ActiveCfg = Debug|Any CPU
{D4197EE1-3B35-4630-B65E-312662727703}.Debug|Any CPU.Build.0 = Debug|Any CPU
{D4197EE1-3B35-4630-B65E-312662727703}.Release|Any CPU.ActiveCfg = Release|Any CPU
{D4197EE1-3B35-4630-B65E-312662727703}.Release|Any CPU.Build.0 = Release|Any CPU
EndGlobalSection
GlobalSection(SolutionProperties) = preSolution
HideSolutionNode = FALSE
EndGlobalSection
GlobalSection(NestedProjects) = preSolution
{AE21F3A1-6E6F-4027-AB62-CE4D5B688A3F} = {C5C9C28F-A935-47B2-A7F6-7904E268D9F3}
{9EDB37D2-44B3-4EAF-8A09-4CC403A53D91} = {C5C9C28F-A935-47B2-A7F6-7904E268D9F3}
{7E742AA5-7E75-43DB-8CEB-A119F4AF2678} = {C5C9C28F-A935-47B2-A7F6-7904E268D9F3}
{5E0E38F5-8125-403C-8C77-C0B184A534ED} = {AE21F3A1-6E6F-4027-AB62-CE4D5B688A3F}
{A716A3B4-044D-45BE-8710-265E9899EF43} = {AE21F3A1-6E6F-4027-AB62-CE4D5B688A3F}
{33949CC9-D320-459A-82FC-F8978C6570D3} = {AE21F3A1-6E6F-4027-AB62-CE4D5B688A3F}
{D4197EE1-3B35-4630-B65E-312662727703} = {AE21F3A1-6E6F-4027-AB62-CE4D5B688A3F}
EndGlobalSection
GlobalSection(ExtensibilityGlobals) = postSolution
SolutionGuid = {2385BBF3-1A3A-4518-BAD6-5D12ADE6C05C}
EndGlobalSection
EndGlobal
